{
  "version": 4,
  "terraform_version": "1.5.7",
  "serial": 14,
  "lineage": "42e420ae-fb3b-dcb7-0e82-fccfb378a57f",
  "outputs": {},
  "resources": [
    {
      "mode": "managed",
      "type": "google_compute_address",
      "name": "acme_lb_ip",
      "provider": "provider[\"registry.terraform.io/hashicorp/google\"]",
      "instances": [
        {
          "schema_version": 0,
          "attributes": {
            "address": "10.0.0.100",
            "address_type": "INTERNAL",
            "creation_timestamp": "2024-07-16T04:48:42.054-07:00",
            "description": "",
            "effective_labels": {},
            "id": "projects/acme-429520/regions/europe-west10/addresses/acme-lb-ip",
            "ip_version": "",
            "ipv6_endpoint_type": "",
            "label_fingerprint": "42WmSpB8rSM=",
            "labels": null,
            "name": "acme-lb-ip",
            "network": "",
            "network_tier": "PREMIUM",
            "prefix_length": 0,
            "project": "acme-429520",
            "purpose": "GCE_ENDPOINT",
            "region": "europe-west10",
            "self_link": "https://www.googleapis.com/compute/v1/projects/acme-429520/regions/europe-west10/addresses/acme-lb-ip",
            "subnetwork": "https://www.googleapis.com/compute/v1/projects/acme-429520/regions/europe-west10/subnetworks/acme-subnet",
            "terraform_labels": {},
            "timeouts": null,
            "users": []
          },
          "sensitive_attributes": [],
          "private": "eyJlMmJmYjczMC1lY2FhLTExZTYtOGY4OC0zNDM2M2JjN2M0YzAiOnsiY3JlYXRlIjoxMjAwMDAwMDAwMDAwLCJkZWxldGUiOjEyMDAwMDAwMDAwMDAsInVwZGF0ZSI6MTIwMDAwMDAwMDAwMH19",
          "dependencies": [
            "google_compute_network.acme_network",
            "google_compute_subnetwork.acme_subnet"
          ]
        }
      ]
    },
    {
      "mode": "managed",
      "type": "google_compute_network",
      "name": "acme_network",
      "provider": "provider[\"registry.terraform.io/hashicorp/google\"]",
      "instances": [
        {
          "schema_version": 0,
          "attributes": {
            "auto_create_subnetworks": true,
            "delete_default_routes_on_create": false,
            "description": "",
            "enable_ula_internal_ipv6": false,
            "gateway_ipv4": "",
            "id": "projects/acme-429520/global/networks/acme-network",
            "internal_ipv6_range": "",
            "mtu": 0,
            "name": "acme-network",
            "network_firewall_policy_enforcement_order": "AFTER_CLASSIC_FIREWALL",
            "numeric_id": "3158128802035131189",
            "project": "acme-429520",
            "routing_mode": "REGIONAL",
            "self_link": "https://www.googleapis.com/compute/v1/projects/acme-429520/global/networks/acme-network",
            "timeouts": null
          },
          "sensitive_attributes": [],
          "private": "eyJlMmJmYjczMC1lY2FhLTExZTYtOGY4OC0zNDM2M2JjN2M0YzAiOnsiY3JlYXRlIjoxMjAwMDAwMDAwMDAwLCJkZWxldGUiOjEyMDAwMDAwMDAwMDAsInVwZGF0ZSI6MTIwMDAwMDAwMDAwMH19"
        }
      ]
    },
    {
      "mode": "managed",
      "type": "google_compute_subnetwork",
      "name": "acme_subnet",
      "provider": "provider[\"registry.terraform.io/hashicorp/google\"]",
      "instances": [
        {
          "schema_version": 0,
          "attributes": {
            "creation_timestamp": "2024-07-16T04:48:20.995-07:00",
            "description": "",
            "external_ipv6_prefix": "",
            "fingerprint": null,
            "gateway_address": "10.0.0.1",
            "id": "projects/acme-429520/regions/europe-west10/subnetworks/acme-subnet",
            "internal_ipv6_prefix": "",
            "ip_cidr_range": "10.0.0.0/16",
            "ipv6_access_type": "",
            "ipv6_cidr_range": "",
            "log_config": [],
            "name": "acme-subnet",
            "network": "https://www.googleapis.com/compute/v1/projects/acme-429520/global/networks/acme-network",
            "private_ip_google_access": false,
            "private_ipv6_google_access": "DISABLE_GOOGLE_ACCESS",
            "project": "acme-429520",
            "purpose": "PRIVATE",
            "region": "europe-west10",
            "role": "",
            "secondary_ip_range": [],
            "self_link": "https://www.googleapis.com/compute/v1/projects/acme-429520/regions/europe-west10/subnetworks/acme-subnet",
            "stack_type": "IPV4_ONLY",
            "timeouts": null
          },
          "sensitive_attributes": [],
          "private": "eyJlMmJmYjczMC1lY2FhLTExZTYtOGY4OC0zNDM2M2JjN2M0YzAiOnsiY3JlYXRlIjoxMjAwMDAwMDAwMDAwLCJkZWxldGUiOjEyMDAwMDAwMDAwMDAsInVwZGF0ZSI6MTIwMDAwMDAwMDAwMH19",
          "dependencies": [
            "google_compute_network.acme_network"
          ]
        }
      ]
    },
    {
      "mode": "managed",
      "type": "google_container_cluster",
      "name": "acme_app_cluster",
      "provider": "provider[\"registry.terraform.io/hashicorp/google\"]",
      "instances": [
        {
          "schema_version": 2,
          "attributes": {
            "addons_config": [
              {
                "cloudrun_config": [],
                "config_connector_config": [],
                "dns_cache_config": [],
                "gce_persistent_disk_csi_driver_config": [
                  {
                    "enabled": true
                  }
                ],
                "gcp_filestore_csi_driver_config": [],
                "gcs_fuse_csi_driver_config": [],
                "gke_backup_agent_config": [],
                "horizontal_pod_autoscaling": [],
                "http_load_balancing": [],
                "network_policy_config": [
                  {
                    "disabled": false
                  }
                ],
                "stateful_ha_config": []
              }
            ],
            "allow_net_admin": null,
            "authenticator_groups_config": [],
            "binary_authorization": [
              {
                "enabled": false,
                "evaluation_mode": ""
              }
            ],
            "cluster_autoscaling": [
              {
                "auto_provisioning_defaults": [],
                "autoscaling_profile": "BALANCED",
                "enabled": false,
                "resource_limits": []
              }
            ],
            "cluster_ipv4_cidr": "10.12.0.0/14",
            "confidential_nodes": [],
            "cost_management_config": [],
            "database_encryption": [
              {
                "key_name": "",
                "state": "DECRYPTED"
              }
            ],
            "datapath_provider": "",
            "default_max_pods_per_node": 110,
            "default_snat_status": [
              {
                "disabled": false
              }
            ],
            "deletion_protection": true,
            "description": "",
            "dns_config": [],
            "enable_autopilot": false,
            "enable_cilium_clusterwide_network_policy": false,
            "enable_intranode_visibility": false,
            "enable_k8s_beta_apis": [],
            "enable_kubernetes_alpha": false,
            "enable_l4_ilb_subsetting": false,
            "enable_legacy_abac": false,
            "enable_shielded_nodes": true,
            "enable_tpu": false,
            "endpoint": "34.32.56.4",
            "fleet": [],
            "gateway_api_config": [],
            "id": "projects/acme-429520/locations/europe-west10-a/clusters/acme-gke-cluster",
            "identity_service_config": [],
            "initial_node_count": 2,
            "ip_allocation_policy": [
              {
                "additional_pod_ranges_config": [],
                "cluster_ipv4_cidr_block": "10.12.0.0/14",
                "cluster_secondary_range_name": "gke-acme-gke-cluster-pods-7f0e0037",
                "pod_cidr_overprovision_config": [
                  {
                    "disabled": false
                  }
                ],
                "services_ipv4_cidr_block": "34.118.224.0/20",
                "services_secondary_range_name": "",
                "stack_type": "IPV4"
              }
            ],
            "label_fingerprint": "a9dc16a7",
            "location": "europe-west10-a",
            "logging_config": [
              {
                "enable_components": [
                  "SYSTEM_COMPONENTS",
                  "WORKLOADS"
                ]
              }
            ],
            "logging_service": "logging.googleapis.com/kubernetes",
            "maintenance_policy": [],
            "master_auth": [
              {
                "client_certificate": "",
                "client_certificate_config": [
                  {
                    "issue_client_certificate": false
                  }
                ],
                "client_key": "",
                "cluster_ca_certificate": "LS0tLS1CRUdJTiBDRVJUSUZJQ0FURS0tLS0tCk1JSUVMVENDQXBXZ0F3SUJBZ0lSQUlvQmplcnhmT0ozQnVDY203dVF5Nmt3RFFZSktvWklodmNOQVFFTEJRQXcKTHpFdE1Dc0dBMVVFQXhNa1lqaGhPVEJrTWprdE1EZ3hNaTAwWlRZd0xXSXhNamt0WXpZNE9UVmtPVFk1TkdJeQpNQ0FYRFRJME1EY3hOakV3TkRjek4xb1lEekl3TlRRd056QTVNVEUwTnpNM1dqQXZNUzB3S3dZRFZRUURFeVJpCk9HRTVNR1F5T1Mwd09ERXlMVFJsTmpBdFlqRXlPUzFqTmpnNU5XUTVOamswWWpJd2dnR2lNQTBHQ1NxR1NJYjMKRFFFQkFRVUFBNElCandBd2dnR0tBb0lCZ1FDUithdHNSdUZiMnByVWc1VWlLR3FrdzZ1d09YUjFRYUFtcXQydQpPZ1RNSFlrMER5cE1JbTJocU9yanBLdkZVZ0xtdHpMVXNGMW9lSW0xMnFwaXBmUzE0ZXBmZ0s2Vm5IUTVhU1FZCjBnTDBTeWdJYWhaN1l5OU54bitzdHd1YlFmQzFTbk1kM0tQVnd5VzdMenZZNFZ5TlRJVVhFSno4ZlI3dDFLUHMKUHVqV3N6RHJSTTVJSWRDN3o3eXpHZDAzYlVhSUQ4L2M5OFZlU0pTQzUzMXl0cjdMVmNla2I1dURUd1Z1T3FGTQpxYnJOUGdiNi81Wm1oQnpaTlpTS2pqczdod1Jra3N4U1A1Y3JlaldqQ21mR3FWSEVvRnZpb0xwRVc3YllqcTJwCnpHZncvd21uMDYxMUg3WDBaUFlld25Cb0xuQlBrZ2dXTlVmbkxLYmJBRU9xS3VxQzZIbGd5a1E4aUg1RDBrdHEKVzBFL3htRmlGWnF3bGZyRE9kd2IwRkZCY3hmVy9MQW5MS2VjZXhqaVllc09Vc3lSU2lzdndDZzhpNkl4dTQzTQpNNzFvSGt5cWZmaUxzQi9uVGdtVThYdWdrcE92Mm9GUFFLV2R5TC81RFZ1QWQ5VjdXOEdrc1Y1cjVuQzFkQ2hvCjdMeGZwUUZ5WnU5b0o5cUZWSkM2ZDdVRU1sc0NBd0VBQWFOQ01FQXdEZ1lEVlIwUEFRSC9CQVFEQWdJRU1BOEcKQTFVZEV3RUIvd1FGTUFNQkFmOHdIUVlEVlIwT0JCWUVGRmU1OUIrZzYvcDdINVRpY1lwcUhHQ2ZGRjh1TUEwRwpDU3FHU0liM0RRRUJDd1VBQTRJQmdRQnQ0YUZqRFp6a1g1QlArYk9meXJuTzNEUVNKMXl5d2gwbG1XdDdzTThhCmNubkJ2UlY0NE5sMmtwOGh1VkE5K1dqQ3VPNU9SZWpUMTl0WHhvNUNSQzZWSzczN25vSHpiSDROWUQwVDF0MngKazFWWXh2d2V4Sm0zMWdPbXhqcmhrTTVEMzc4NStxbTJ6RkMrYTVjOGR6ZWc2MHR6dy83d3Z6cG5LMEVGdklPbgpZak5sMDhSU2Nsb1BXbnVwbzJWZElLR1Q5R2FNWGk0LzVJSDlwSFVrcFRhMCtzeFZEeldlaXQ0UDNQZjFxUXNSCjFzNHl2aVRFRTN1NUcrWEtobHlpVElNOWEwNmJJSmZPMkNoL1JKQlJzNUJqNWNKaFhSaGtnT3JmTENvSVRYYUwKTWJqQ0Fsem9qUm03SDI5NGQyLzhGN1VoclB2aExxSlRRZVRyVGVwZW1yNnRzVUY5cS9xcVRyczdxUndWT1dtdApSMlo5UnRKdHZ2ZEpwYjYxTXVMRE1FRkt1a0Zmd2todkZJSGFWWk0zZlkyVmJXVytJc21DNEVQSktsekFhVDFnCkFhdTg1c1hNSlVRNlhNenRFd1Z4d3VQSXBWZ01lVFY3Q05lRHpLMW4wa2N3R1ZrOUVVZEtpSnZjTm5kQS9UbSsKd2cvb1lRdFJmR0RBRlRqZ0x0MTVYMmM9Ci0tLS0tRU5EIENFUlRJRklDQVRFLS0tLS0K"
              }
            ],
            "master_authorized_networks_config": [],
            "master_version": "1.29.5-gke.1091002",
            "mesh_certificates": [],
            "min_master_version": null,
            "monitoring_config": [
              {
                "advanced_datapath_observability_config": [
                  {
                    "enable_metrics": false,
                    "enable_relay": false,
                    "relay_mode": "DISABLED"
                  }
                ],
                "enable_components": [
                  "SYSTEM_COMPONENTS"
                ],
                "managed_prometheus": [
                  {
                    "enabled": true
                  }
                ]
              }
            ],
            "monitoring_service": "monitoring.googleapis.com/kubernetes",
            "name": "acme-gke-cluster",
            "network": "projects/acme-429520/global/networks/default",
            "network_policy": [
              {
                "enabled": true,
                "provider": ""
              }
            ],
            "networking_mode": "VPC_NATIVE",
            "node_config": [
              {
                "advanced_machine_features": [],
                "boot_disk_kms_key": "",
                "confidential_nodes": [],
                "containerd_config": [],
                "disk_size_gb": 100,
                "disk_type": "pd-balanced",
                "effective_taints": [],
                "enable_confidential_storage": false,
                "ephemeral_storage_local_ssd_config": [],
                "fast_socket": [],
                "gcfs_config": [],
                "guest_accelerator": [],
                "gvnic": [],
                "host_maintenance_policy": [],
                "image_type": "COS_CONTAINERD",
                "kubelet_config": [],
                "labels": {},
                "linux_node_config": [],
                "local_nvme_ssd_block_config": [],
                "local_ssd_count": 0,
                "logging_variant": "DEFAULT",
                "machine_type": "e2-medium",
                "metadata": {
                  "disable-legacy-endpoints": "true"
                },
                "min_cpu_platform": "",
                "node_group": "",
                "oauth_scopes": [
                  "https://www.googleapis.com/auth/devstorage.read_only",
                  "https://www.googleapis.com/auth/logging.write",
                  "https://www.googleapis.com/auth/monitoring",
                  "https://www.googleapis.com/auth/service.management.readonly",
                  "https://www.googleapis.com/auth/servicecontrol",
                  "https://www.googleapis.com/auth/trace.append"
                ],
                "preemptible": false,
                "reservation_affinity": [],
                "resource_labels": {},
                "resource_manager_tags": {},
                "secondary_boot_disks": [],
                "service_account": "default",
                "shielded_instance_config": [
                  {
                    "enable_integrity_monitoring": true,
                    "enable_secure_boot": false
                  }
                ],
                "sole_tenant_config": [],
                "spot": false,
                "tags": [],
                "taint": [],
                "workload_metadata_config": []
              }
            ],
            "node_locations": [],
            "node_pool": [
              {
                "autoscaling": [],
                "initial_node_count": 2,
                "instance_group_urls": [
                  "https://www.googleapis.com/compute/v1/projects/acme-429520/zones/europe-west10-a/instanceGroupManagers/gke-acme-gke-cluster-default-pool-7cb1a1f4-grp"
                ],
                "managed_instance_group_urls": [
                  "https://www.googleapis.com/compute/v1/projects/acme-429520/zones/europe-west10-a/instanceGroups/gke-acme-gke-cluster-default-pool-7cb1a1f4-grp"
                ],
                "management": [
                  {
                    "auto_repair": true,
                    "auto_upgrade": true
                  }
                ],
                "max_pods_per_node": 110,
                "name": "default-pool",
                "name_prefix": "",
                "network_config": [
                  {
                    "create_pod_range": false,
                    "enable_private_nodes": false,
                    "network_performance_config": [],
                    "pod_cidr_overprovision_config": [],
                    "pod_ipv4_cidr_block": "10.12.0.0/14",
                    "pod_range": "gke-acme-gke-cluster-pods-7f0e0037"
                  }
                ],
                "node_config": [
                  {
                    "advanced_machine_features": [],
                    "boot_disk_kms_key": "",
                    "confidential_nodes": [],
                    "containerd_config": [],
                    "disk_size_gb": 100,
                    "disk_type": "pd-balanced",
                    "effective_taints": [],
                    "enable_confidential_storage": false,
                    "ephemeral_storage_local_ssd_config": [],
                    "fast_socket": [],
                    "gcfs_config": [],
                    "guest_accelerator": [],
                    "gvnic": [],
                    "host_maintenance_policy": [],
                    "image_type": "COS_CONTAINERD",
                    "kubelet_config": [],
                    "labels": {},
                    "linux_node_config": [],
                    "local_nvme_ssd_block_config": [],
                    "local_ssd_count": 0,
                    "logging_variant": "DEFAULT",
                    "machine_type": "e2-medium",
                    "metadata": {
                      "disable-legacy-endpoints": "true"
                    },
                    "min_cpu_platform": "",
                    "node_group": "",
                    "oauth_scopes": [
                      "https://www.googleapis.com/auth/devstorage.read_only",
                      "https://www.googleapis.com/auth/logging.write",
                      "https://www.googleapis.com/auth/monitoring",
                      "https://www.googleapis.com/auth/service.management.readonly",
                      "https://www.googleapis.com/auth/servicecontrol",
                      "https://www.googleapis.com/auth/trace.append"
                    ],
                    "preemptible": false,
                    "reservation_affinity": [],
                    "resource_labels": {},
                    "resource_manager_tags": {},
                    "secondary_boot_disks": [],
                    "service_account": "default",
                    "shielded_instance_config": [
                      {
                        "enable_integrity_monitoring": true,
                        "enable_secure_boot": false
                      }
                    ],
                    "sole_tenant_config": [],
                    "spot": false,
                    "tags": [],
                    "taint": [],
                    "workload_metadata_config": []
                  }
                ],
                "node_count": 2,
                "node_locations": [
                  "europe-west10-a"
                ],
                "placement_policy": [],
                "queued_provisioning": [],
                "upgrade_settings": [
                  {
                    "blue_green_settings": [],
                    "max_surge": 1,
                    "max_unavailable": 0,
                    "strategy": "SURGE"
                  }
                ],
                "version": "1.29.5-gke.1091002"
              }
            ],
            "node_pool_auto_config": [],
            "node_pool_defaults": [
              {
                "node_config_defaults": [
                  {
                    "containerd_config": [],
                    "logging_variant": "DEFAULT"
                  }
                ]
              }
            ],
            "node_version": "1.29.5-gke.1091002",
            "notification_config": [
              {
                "pubsub": [
                  {
                    "enabled": false,
                    "filter": [],
                    "topic": ""
                  }
                ]
              }
            ],
            "operation": null,
            "private_cluster_config": [
              {
                "enable_private_endpoint": false,
                "enable_private_nodes": false,
                "master_global_access_config": [
                  {
                    "enabled": false
                  }
                ],
                "master_ipv4_cidr_block": "",
                "peering_name": "",
                "private_endpoint": "10.214.0.7",
                "private_endpoint_subnetwork": "",
                "public_endpoint": "34.32.56.4"
              }
            ],
            "private_ipv6_google_access": "",
            "project": "acme-429520",
            "release_channel": [
              {
                "channel": "REGULAR"
              }
            ],
            "remove_default_node_pool": null,
            "resource_labels": null,
            "resource_usage_export_config": [],
            "security_posture_config": [
              {
                "mode": "BASIC",
                "vulnerability_mode": "VULNERABILITY_MODE_UNSPECIFIED"
              }
            ],
            "self_link": "https://container.googleapis.com/v1/projects/acme-429520/zones/europe-west10-a/clusters/acme-gke-cluster",
            "service_external_ips_config": [
              {
                "enabled": false
              }
            ],
            "services_ipv4_cidr": "34.118.224.0/20",
            "subnetwork": "projects/acme-429520/regions/europe-west10/subnetworks/default",
            "timeouts": null,
            "tpu_ipv4_cidr_block": "",
            "vertical_pod_autoscaling": [],
            "workload_identity_config": []
          },
          "sensitive_attributes": [],
          "private": "eyJlMmJmYjczMC1lY2FhLTExZTYtOGY4OC0zNDM2M2JjN2M0YzAiOnsiY3JlYXRlIjoyNDAwMDAwMDAwMDAwLCJkZWxldGUiOjI0MDAwMDAwMDAwMDAsInJlYWQiOjI0MDAwMDAwMDAwMDAsInVwZGF0ZSI6MzYwMDAwMDAwMDAwMH0sInNjaGVtYV92ZXJzaW9uIjoiMiJ9"
        }
      ]
    }
  ],
  "check_results": null
}
